{
  "version": "3",
  "packages": {
    "specifiers": {
      "jsr:@std/assert": "jsr:@std/assert@0.225.3",
      "jsr:@std/internal@^1.0.0": "jsr:@std/internal@1.0.4"
    },
    "jsr": {
      "@std/assert@0.225.3": {
        "integrity": "b3c2847aecf6955b50644cdb9cf072004ea3d1998dd7579fc0acb99dbb23bd4f",
        "dependencies": [
          "jsr:@std/internal@^1.0.0"
        ]
      },
      "@std/internal@1.0.4": {
        "integrity": "62e8e4911527e5e4f307741a795c0b0a9e6958d0b3790716ae71ce085f755422"
      }
    }
  },
  "remote": {},
  "workspace": {
    "packageJson": {
      "dependencies": [
        "npm:prettier@^3.0.0",
        "npm:typescript@^5.1.6"
      ]
    }
  }
}
